// !$*UTF8*$!
{
	archiveVersion = 1;
	classes = {
	};
	objectVersion = 46;
	objects = {

/* Begin PBXBuildFile section */
		275C89CD1B6FFF6A00521755 /* ALUVerse.m in Sources */ = {isa = PBXBuildFile; fileRef = 275C89CC1B6FFF6A00521755 /* ALUVerse.m */; };
		278038731B73B347008C509F /* ALUMasterTableViewCell.m in Sources */ = {isa = PBXBuildFile; fileRef = 278038721B73B347008C509F /* ALUMasterTableViewCell.m */; };
		278038761B73B679008C509F /* ALUMasterTableView.m in Sources */ = {isa = PBXBuildFile; fileRef = 278038751B73B679008C509F /* ALUMasterTableView.m */; };
		278255531B628BCA00309E6F /* ALUSettingsView.m in Sources */ = {isa = PBXBuildFile; fileRef = 278255521B628BCA00309E6F /* ALUSettingsView.m */; };
		278255561B62910100309E6F /* UIImage+ImageEffects.m in Sources */ = {isa = PBXBuildFile; fileRef = 278255551B62910100309E6F /* UIImage+ImageEffects.m */; };
		278255591B62A6F000309E6F /* ALUTableViewCell.m in Sources */ = {isa = PBXBuildFile; fileRef = 278255581B62A6F000309E6F /* ALUTableViewCell.m */; };
		27A8C2291B4AD62800E5A3D9 /* main.m in Sources */ = {isa = PBXBuildFile; fileRef = 27A8C2281B4AD62800E5A3D9 /* main.m */; };
		27A8C22C1B4AD62800E5A3D9 /* AppDelegate.m in Sources */ = {isa = PBXBuildFile; fileRef = 27A8C22B1B4AD62800E5A3D9 /* AppDelegate.m */; };
		27A8C22F1B4AD62800E5A3D9 /* MasterViewController.m in Sources */ = {isa = PBXBuildFile; fileRef = 27A8C22E1B4AD62800E5A3D9 /* MasterViewController.m */; };
		27A8C2321B4AD62800E5A3D9 /* DetailViewController.m in Sources */ = {isa = PBXBuildFile; fileRef = 27A8C2311B4AD62800E5A3D9 /* DetailViewController.m */; };
		27A8C2351B4AD62800E5A3D9 /* Main.storyboard in Resources */ = {isa = PBXBuildFile; fileRef = 27A8C2331B4AD62800E5A3D9 /* Main.storyboard */; };
		27A8C2371B4AD62800E5A3D9 /* Assets.xcassets in Resources */ = {isa = PBXBuildFile; fileRef = 27A8C2361B4AD62800E5A3D9 /* Assets.xcassets */; };
		27A8C2451B4AD62800E5A3D9 /* Alphabetical_List_UtilityTests.m in Sources */ = {isa = PBXBuildFile; fileRef = 27A8C2441B4AD62800E5A3D9 /* Alphabetical_List_UtilityTests.m */; };
		27A8C25F1B4AD7BB00E5A3D9 /* ALUDataManager.m in Sources */ = {isa = PBXBuildFile; fileRef = 27A8C25E1B4AD7BB00E5A3D9 /* ALUDataManager.m */; };
		27A8C26B1B4AED2200E5A3D9 /* UIColor+AppColors.m in Sources */ = {isa = PBXBuildFile; fileRef = 27A8C2621B4AED2200E5A3D9 /* UIColor+AppColors.m */; };
		27A8C26C1B4AED2200E5A3D9 /* UIFont+AppFonts.m in Sources */ = {isa = PBXBuildFile; fileRef = 27A8C2641B4AED2200E5A3D9 /* UIFont+AppFonts.m */; };
		27A8C26D1B4AED2200E5A3D9 /* UIFont+Custom.m in Sources */ = {isa = PBXBuildFile; fileRef = 27A8C2661B4AED2200E5A3D9 /* UIFont+Custom.m */; };
		27A8C26E1B4AED2200E5A3D9 /* NGAParallaxMotion.m in Sources */ = {isa = PBXBuildFile; fileRef = 27A8C2681B4AED2200E5A3D9 /* NGAParallaxMotion.m */; };
		27A8C26F1B4AED2200E5A3D9 /* NSString+AppFunctions.m in Sources */ = {isa = PBXBuildFile; fileRef = 27A8C26A1B4AED2200E5A3D9 /* NSString+AppFunctions.m */; };
		27A8C2721B4AFEE300E5A3D9 /* UIColor+BrandColors.m in Sources */ = {isa = PBXBuildFile; fileRef = 27A8C2711B4AFEE300E5A3D9 /* UIColor+BrandColors.m */; };
		27CCD54D1B78E544007EEAD0 /* ALUPassage.m in Sources */ = {isa = PBXBuildFile; fileRef = 27CCD54C1B78E544007EEAD0 /* ALUPassage.m */; };
		27CCD5511B78FDEF007EEAD0 /* Plus-icon.png in Resources */ = {isa = PBXBuildFile; fileRef = 27CCD54E1B78FDEF007EEAD0 /* Plus-icon.png */; };
		27CCD5521B78FDEF007EEAD0 /* Plus-icon@2x.png in Resources */ = {isa = PBXBuildFile; fileRef = 27CCD54F1B78FDEF007EEAD0 /* Plus-icon@2x.png */; };
		27CCD5531B78FDEF007EEAD0 /* Plus-icon@3x.png in Resources */ = {isa = PBXBuildFile; fileRef = 27CCD5501B78FDEF007EEAD0 /* Plus-icon@3x.png */; };
		27D6F7991B67F3F900F42EAA /* TestLocations.gpx in Resources */ = {isa = PBXBuildFile; fileRef = 27D6F7981B67F3F900F42EAA /* TestLocations.gpx */; };
		27E6D7B51B5D579700D7CC19 /* ALUNavigationController.m in Sources */ = {isa = PBXBuildFile; fileRef = 27E6D7B41B5D579700D7CC19 /* ALUNavigationController.m */; };
		27E6D7F31B5D785600D7CC19 /* ALUSplitViewController.m in Sources */ = {isa = PBXBuildFile; fileRef = 27E6D7F21B5D785600D7CC19 /* ALUSplitViewController.m */; };
		27E6D8101B5D9EB500D7CC19 /* AFHTTPRequestOperation.m in Sources */ = {isa = PBXBuildFile; fileRef = 27E6D7FE1B5D9EB500D7CC19 /* AFHTTPRequestOperation.m */; };
		27E6D8111B5D9EB500D7CC19 /* AFHTTPRequestOperationManager.m in Sources */ = {isa = PBXBuildFile; fileRef = 27E6D8001B5D9EB500D7CC19 /* AFHTTPRequestOperationManager.m */; };
		27E6D8121B5D9EB500D7CC19 /* AFHTTPSessionManager.m in Sources */ = {isa = PBXBuildFile; fileRef = 27E6D8021B5D9EB500D7CC19 /* AFHTTPSessionManager.m */; };
		27E6D8131B5D9EB500D7CC19 /* AFNetworkReachabilityManager.m in Sources */ = {isa = PBXBuildFile; fileRef = 27E6D8051B5D9EB500D7CC19 /* AFNetworkReachabilityManager.m */; };
		27E6D8141B5D9EB500D7CC19 /* AFSecurityPolicy.m in Sources */ = {isa = PBXBuildFile; fileRef = 27E6D8071B5D9EB500D7CC19 /* AFSecurityPolicy.m */; };
		27E6D8151B5D9EB500D7CC19 /* AFURLConnectionOperation.m in Sources */ = {isa = PBXBuildFile; fileRef = 27E6D8091B5D9EB500D7CC19 /* AFURLConnectionOperation.m */; };
		27E6D8161B5D9EB500D7CC19 /* AFURLRequestSerialization.m in Sources */ = {isa = PBXBuildFile; fileRef = 27E6D80B1B5D9EB500D7CC19 /* AFURLRequestSerialization.m */; };
		27E6D8171B5D9EB500D7CC19 /* AFURLResponseSerialization.m in Sources */ = {isa = PBXBuildFile; fileRef = 27E6D80D1B5D9EB500D7CC19 /* AFURLResponseSerialization.m */; };
		27E6D8181B5D9EB500D7CC19 /* AFURLSessionManager.m in Sources */ = {isa = PBXBuildFile; fileRef = 27E6D80F1B5D9EB500D7CC19 /* AFURLSessionManager.m */; };
		27E6D82B1B5D9ED000D7CC19 /* AFNetworkActivityIndicatorManager.m in Sources */ = {isa = PBXBuildFile; fileRef = 27E6D81B1B5D9ED000D7CC19 /* AFNetworkActivityIndicatorManager.m */; };
		27E6D82C1B5D9ED000D7CC19 /* UIActivityIndicatorView+AFNetworking.m in Sources */ = {isa = PBXBuildFile; fileRef = 27E6D81D1B5D9ED000D7CC19 /* UIActivityIndicatorView+AFNetworking.m */; };
		27E6D82D1B5D9ED000D7CC19 /* UIAlertView+AFNetworking.m in Sources */ = {isa = PBXBuildFile; fileRef = 27E6D81F1B5D9ED000D7CC19 /* UIAlertView+AFNetworking.m */; };
		27E6D82E1B5D9ED000D7CC19 /* UIButton+AFNetworking.m in Sources */ = {isa = PBXBuildFile; fileRef = 27E6D8211B5D9ED000D7CC19 /* UIButton+AFNetworking.m */; };
		27E6D82F1B5D9ED000D7CC19 /* UIImageView+AFNetworking.m in Sources */ = {isa = PBXBuildFile; fileRef = 27E6D8231B5D9ED000D7CC19 /* UIImageView+AFNetworking.m */; };
		27E6D8301B5D9ED000D7CC19 /* UIProgressView+AFNetworking.m in Sources */ = {isa = PBXBuildFile; fileRef = 27E6D8261B5D9ED000D7CC19 /* UIProgressView+AFNetworking.m */; };
		27E6D8311B5D9ED000D7CC19 /* UIRefreshControl+AFNetworking.m in Sources */ = {isa = PBXBuildFile; fileRef = 27E6D8281B5D9ED000D7CC19 /* UIRefreshControl+AFNetworking.m */; };
		27E6D8321B5D9ED000D7CC19 /* UIWebView+AFNetworking.m in Sources */ = {isa = PBXBuildFile; fileRef = 27E6D82A1B5D9ED000D7CC19 /* UIWebView+AFNetworking.m */; };
		27E6D8351B6038AA00D7CC19 /* JSONColorFormatter.m in Sources */ = {isa = PBXBuildFile; fileRef = 27E6D8341B6038AA00D7CC19 /* JSONColorFormatter.m */; };
		27E6D8381B6055EE00D7CC19 /* NKFColor+SportsTeams.m in Sources */ = {isa = PBXBuildFile; fileRef = 27E6D8371B6055EE00D7CC19 /* NKFColor+SportsTeams.m */; };
		27E6D83B1B60563C00D7CC19 /* NKFColor+Companies.m in Sources */ = {isa = PBXBuildFile; fileRef = 27E6D83A1B60563C00D7CC19 /* NKFColor+Companies.m */; };
		27E6D83E1B605A6800D7CC19 /* NKFColor+WikipediaColors.m in Sources */ = {isa = PBXBuildFile; fileRef = 27E6D83D1B605A6800D7CC19 /* NKFColor+WikipediaColors.m */; };
		27E6D8411B605B0000D7CC19 /* NKFColor+Dates.m in Sources */ = {isa = PBXBuildFile; fileRef = 27E6D8401B605B0000D7CC19 /* NKFColor+Dates.m */; };
		27E6D8441B605CC200D7CC19 /* NKFColor+AppColors.m in Sources */ = {isa = PBXBuildFile; fileRef = 27E6D8431B605CC200D7CC19 /* NKFColor+AppColors.m */; };
		27F2CA941B756355006918CC /* Edit-icon.png in Resources */ = {isa = PBXBuildFile; fileRef = 27F2CA911B756355006918CC /* Edit-icon.png */; };
		27F2CA951B756355006918CC /* Edit-icon@2x.png in Resources */ = {isa = PBXBuildFile; fileRef = 27F2CA921B756355006918CC /* Edit-icon@2x.png */; };
		27F2CA961B756355006918CC /* Edit-icon@3x.png in Resources */ = {isa = PBXBuildFile; fileRef = 27F2CA931B756355006918CC /* Edit-icon@3x.png */; };
		27FF34B81B58011E005DD69E /* NKFColor.m in Sources */ = {isa = PBXBuildFile; fileRef = 27FF34B71B58011E005DD69E /* NKFColor.m */; };
		803127991B77E8F000033031 /* ALUBackgroundView.m in Sources */ = {isa = PBXBuildFile; fileRef = 803127981B77E8F000033031 /* ALUBackgroundView.m */; };
		805E83F21B77EFDD00D362C3 /* ALUPatternedView.m in Sources */ = {isa = PBXBuildFile; fileRef = 805E83F11B77EFDD00D362C3 /* ALUPatternedView.m */; };
		80C4AE911B781257002922F7 /* UIImage+PixelInformation.m in Sources */ = {isa = PBXBuildFile; fileRef = 80C4AE901B781257002922F7 /* UIImage+PixelInformation.m */; };
		905E9F3E1B716ED5007A6DB4 /* ALUDocument.m in Sources */ = {isa = PBXBuildFile; fileRef = 905E9F3D1B716ED5007A6DB4 /* ALUDocument.m */; };
		906ED6B21B6A5C8B00362BC6 /* NKFColor+Universities.m in Sources */ = {isa = PBXBuildFile; fileRef = 906ED6B11B6A5C8B00362BC6 /* NKFColor+Universities.m */; };
		90BFD9751B67258600CA617B /* ALUPointAnnotation.m in Sources */ = {isa = PBXBuildFile; fileRef = 90BFD9741B67258600CA617B /* ALUPointAnnotation.m */; };
		90C282941B66B4120078340C /* MapKit.framework in Frameworks */ = {isa = PBXBuildFile; fileRef = 90C282931B66B4120078340C /* MapKit.framework */; };
		90C282971B66B4800078340C /* ALUMapViewController.m in Sources */ = {isa = PBXBuildFile; fileRef = 90C282961B66B4800078340C /* ALUMapViewController.m */; };
		90F7DA7F1B63BF9800D4E0B7 /* MessageUI.framework in Frameworks */ = {isa = PBXBuildFile; fileRef = 90F7DA7E1B63BF9800D4E0B7 /* MessageUI.framework */; };
		90F7DA811B65D73500D4E0B7 /* CoreLocation.framework in Frameworks */ = {isa = PBXBuildFile; fileRef = 90F7DA801B65D73500D4E0B7 /* CoreLocation.framework */; };
		90F7DA841B65D78400D4E0B7 /* AddressBook.framework in Frameworks */ = {isa = PBXBuildFile; fileRef = 90F7DA821B65D78400D4E0B7 /* AddressBook.framework */; };
		90F7DA851B65D78400D4E0B7 /* AddressBookUI.framework in Frameworks */ = {isa = PBXBuildFile; fileRef = 90F7DA831B65D78400D4E0B7 /* AddressBookUI.framework */; };
/* End PBXBuildFile section */

/* Begin PBXContainerItemProxy section */
		27A8C2411B4AD62800E5A3D9 /* PBXContainerItemProxy */ = {
			isa = PBXContainerItemProxy;
			containerPortal = 27A8C21C1B4AD62800E5A3D9 /* Project object */;
			proxyType = 1;
			remoteGlobalIDString = 27A8C2231B4AD62800E5A3D9;
			remoteInfo = "Alphabetical List Utility";
		};
/* End PBXContainerItemProxy section */

/* Begin PBXFileReference section */
		272850C61B7295D800B7C6A6 /* PrefixHeader.pch */ = {isa = PBXFileReference; lastKnownFileType = sourcecode.c.h; path = PrefixHeader.pch; sourceTree = "<group>"; };
		275C89CB1B6FFF6A00521755 /* ALUVerse.h */ = {isa = PBXFileReference; fileEncoding = 4; lastKnownFileType = sourcecode.c.h; path = ALUVerse.h; sourceTree = "<group>"; };
		275C89CC1B6FFF6A00521755 /* ALUVerse.m */ = {isa = PBXFileReference; fileEncoding = 4; lastKnownFileType = sourcecode.c.objc; path = ALUVerse.m; sourceTree = "<group>"; };
		278038711B73B347008C509F /* ALUMasterTableViewCell.h */ = {isa = PBXFileReference; fileEncoding = 4; lastKnownFileType = sourcecode.c.h; path = ALUMasterTableViewCell.h; sourceTree = "<group>"; };
		278038721B73B347008C509F /* ALUMasterTableViewCell.m */ = {isa = PBXFileReference; fileEncoding = 4; lastKnownFileType = sourcecode.c.objc; path = ALUMasterTableViewCell.m; sourceTree = "<group>"; };
		278038741B73B679008C509F /* ALUMasterTableView.h */ = {isa = PBXFileReference; fileEncoding = 4; lastKnownFileType = sourcecode.c.h; path = ALUMasterTableView.h; sourceTree = "<group>"; };
		278038751B73B679008C509F /* ALUMasterTableView.m */ = {isa = PBXFileReference; fileEncoding = 4; lastKnownFileType = sourcecode.c.objc; path = ALUMasterTableView.m; sourceTree = "<group>"; };
		278255511B628BCA00309E6F /* ALUSettingsView.h */ = {isa = PBXFileReference; fileEncoding = 4; lastKnownFileType = sourcecode.c.h; path = ALUSettingsView.h; sourceTree = "<group>"; };
		278255521B628BCA00309E6F /* ALUSettingsView.m */ = {isa = PBXFileReference; fileEncoding = 4; lastKnownFileType = sourcecode.c.objc; path = ALUSettingsView.m; sourceTree = "<group>"; };
		278255541B62910100309E6F /* UIImage+ImageEffects.h */ = {isa = PBXFileReference; fileEncoding = 4; lastKnownFileType = sourcecode.c.h; path = "UIImage+ImageEffects.h"; sourceTree = "<group>"; };
		278255551B62910100309E6F /* UIImage+ImageEffects.m */ = {isa = PBXFileReference; fileEncoding = 4; lastKnownFileType = sourcecode.c.objc; path = "UIImage+ImageEffects.m"; sourceTree = "<group>"; };
		278255571B62A6F000309E6F /* ALUTableViewCell.h */ = {isa = PBXFileReference; fileEncoding = 4; lastKnownFileType = sourcecode.c.h; path = ALUTableViewCell.h; sourceTree = "<group>"; };
		278255581B62A6F000309E6F /* ALUTableViewCell.m */ = {isa = PBXFileReference; fileEncoding = 4; lastKnownFileType = sourcecode.c.objc; path = ALUTableViewCell.m; sourceTree = "<group>"; };
		27A8C2241B4AD62800E5A3D9 /* Alphabetical List Utility.app */ = {isa = PBXFileReference; explicitFileType = wrapper.application; includeInIndex = 0; path = "Alphabetical List Utility.app"; sourceTree = BUILT_PRODUCTS_DIR; };
		27A8C2281B4AD62800E5A3D9 /* main.m */ = {isa = PBXFileReference; lastKnownFileType = sourcecode.c.objc; path = main.m; sourceTree = "<group>"; };
		27A8C22A1B4AD62800E5A3D9 /* AppDelegate.h */ = {isa = PBXFileReference; lastKnownFileType = sourcecode.c.h; path = AppDelegate.h; sourceTree = "<group>"; };
		27A8C22B1B4AD62800E5A3D9 /* AppDelegate.m */ = {isa = PBXFileReference; lastKnownFileType = sourcecode.c.objc; path = AppDelegate.m; sourceTree = "<group>"; };
		27A8C22D1B4AD62800E5A3D9 /* MasterViewController.h */ = {isa = PBXFileReference; lastKnownFileType = sourcecode.c.h; path = MasterViewController.h; sourceTree = "<group>"; };
		27A8C22E1B4AD62800E5A3D9 /* MasterViewController.m */ = {isa = PBXFileReference; lastKnownFileType = sourcecode.c.objc; path = MasterViewController.m; sourceTree = "<group>"; };
		27A8C2301B4AD62800E5A3D9 /* DetailViewController.h */ = {isa = PBXFileReference; lastKnownFileType = sourcecode.c.h; path = DetailViewController.h; sourceTree = "<group>"; };
		27A8C2311B4AD62800E5A3D9 /* DetailViewController.m */ = {isa = PBXFileReference; lastKnownFileType = sourcecode.c.objc; path = DetailViewController.m; sourceTree = "<group>"; };
		27A8C2341B4AD62800E5A3D9 /* Base */ = {isa = PBXFileReference; lastKnownFileType = file.storyboard; name = Base; path = Base.lproj/Main.storyboard; sourceTree = "<group>"; };
		27A8C2361B4AD62800E5A3D9 /* Assets.xcassets */ = {isa = PBXFileReference; lastKnownFileType = folder.assetcatalog; path = Assets.xcassets; sourceTree = "<group>"; };
		27A8C23B1B4AD62800E5A3D9 /* Info.plist */ = {isa = PBXFileReference; lastKnownFileType = text.plist.xml; path = Info.plist; sourceTree = "<group>"; };
		27A8C2401B4AD62800E5A3D9 /* Alphabetical List UtilityTests.xctest */ = {isa = PBXFileReference; explicitFileType = wrapper.cfbundle; includeInIndex = 0; path = "Alphabetical List UtilityTests.xctest"; sourceTree = BUILT_PRODUCTS_DIR; };
		27A8C2441B4AD62800E5A3D9 /* Alphabetical_List_UtilityTests.m */ = {isa = PBXFileReference; lastKnownFileType = sourcecode.c.objc; path = Alphabetical_List_UtilityTests.m; sourceTree = "<group>"; };
		27A8C2461B4AD62800E5A3D9 /* Info.plist */ = {isa = PBXFileReference; lastKnownFileType = text.plist.xml; path = Info.plist; sourceTree = "<group>"; };
		27A8C24F1B4AD62800E5A3D9 /* Alphabetical_List_UtilityUITests.m */ = {isa = PBXFileReference; lastKnownFileType = sourcecode.c.objc; path = Alphabetical_List_UtilityUITests.m; sourceTree = "<group>"; };
		27A8C2511B4AD62800E5A3D9 /* Info.plist */ = {isa = PBXFileReference; lastKnownFileType = text.plist.xml; path = Info.plist; sourceTree = "<group>"; };
		27A8C25D1B4AD7BB00E5A3D9 /* ALUDataManager.h */ = {isa = PBXFileReference; fileEncoding = 4; lastKnownFileType = sourcecode.c.h; path = ALUDataManager.h; sourceTree = "<group>"; };
		27A8C25E1B4AD7BB00E5A3D9 /* ALUDataManager.m */ = {isa = PBXFileReference; fileEncoding = 4; lastKnownFileType = sourcecode.c.objc; path = ALUDataManager.m; sourceTree = "<group>"; };
		27A8C2611B4AED2200E5A3D9 /* UIColor+AppColors.h */ = {isa = PBXFileReference; fileEncoding = 4; lastKnownFileType = sourcecode.c.h; path = "UIColor+AppColors.h"; sourceTree = "<group>"; };
		27A8C2621B4AED2200E5A3D9 /* UIColor+AppColors.m */ = {isa = PBXFileReference; fileEncoding = 4; lastKnownFileType = sourcecode.c.objc; path = "UIColor+AppColors.m"; sourceTree = "<group>"; };
		27A8C2631B4AED2200E5A3D9 /* UIFont+AppFonts.h */ = {isa = PBXFileReference; fileEncoding = 4; lastKnownFileType = sourcecode.c.h; path = "UIFont+AppFonts.h"; sourceTree = "<group>"; };
		27A8C2641B4AED2200E5A3D9 /* UIFont+AppFonts.m */ = {isa = PBXFileReference; fileEncoding = 4; lastKnownFileType = sourcecode.c.objc; path = "UIFont+AppFonts.m"; sourceTree = "<group>"; };
		27A8C2651B4AED2200E5A3D9 /* UIFont+Custom.h */ = {isa = PBXFileReference; fileEncoding = 4; lastKnownFileType = sourcecode.c.h; path = "UIFont+Custom.h"; sourceTree = "<group>"; };
		27A8C2661B4AED2200E5A3D9 /* UIFont+Custom.m */ = {isa = PBXFileReference; fileEncoding = 4; lastKnownFileType = sourcecode.c.objc; path = "UIFont+Custom.m"; sourceTree = "<group>"; };
		27A8C2671B4AED2200E5A3D9 /* NGAParallaxMotion.h */ = {isa = PBXFileReference; fileEncoding = 4; lastKnownFileType = sourcecode.c.h; path = NGAParallaxMotion.h; sourceTree = "<group>"; };
		27A8C2681B4AED2200E5A3D9 /* NGAParallaxMotion.m */ = {isa = PBXFileReference; fileEncoding = 4; lastKnownFileType = sourcecode.c.objc; path = NGAParallaxMotion.m; sourceTree = "<group>"; };
		27A8C2691B4AED2200E5A3D9 /* NSString+AppFunctions.h */ = {isa = PBXFileReference; fileEncoding = 4; lastKnownFileType = sourcecode.c.h; path = "NSString+AppFunctions.h"; sourceTree = "<group>"; };
		27A8C26A1B4AED2200E5A3D9 /* NSString+AppFunctions.m */ = {isa = PBXFileReference; fileEncoding = 4; lastKnownFileType = sourcecode.c.objc; path = "NSString+AppFunctions.m"; sourceTree = "<group>"; };
		27A8C2701B4AFEE300E5A3D9 /* UIColor+BrandColors.h */ = {isa = PBXFileReference; fileEncoding = 4; lastKnownFileType = sourcecode.c.h; path = "UIColor+BrandColors.h"; sourceTree = "<group>"; };
		27A8C2711B4AFEE300E5A3D9 /* UIColor+BrandColors.m */ = {isa = PBXFileReference; fileEncoding = 4; lastKnownFileType = sourcecode.c.objc; path = "UIColor+BrandColors.m"; sourceTree = "<group>"; };
		27CCD54B1B78E544007EEAD0 /* ALUPassage.h */ = {isa = PBXFileReference; fileEncoding = 4; lastKnownFileType = sourcecode.c.h; path = ALUPassage.h; sourceTree = "<group>"; };
		27CCD54C1B78E544007EEAD0 /* ALUPassage.m */ = {isa = PBXFileReference; fileEncoding = 4; lastKnownFileType = sourcecode.c.objc; path = ALUPassage.m; sourceTree = "<group>"; };
		27CCD54E1B78FDEF007EEAD0 /* Plus-icon.png */ = {isa = PBXFileReference; lastKnownFileType = image.png; name = "Plus-icon.png"; path = "Graphics/Plus-icon.png"; sourceTree = "<group>"; };
		27CCD54F1B78FDEF007EEAD0 /* Plus-icon@2x.png */ = {isa = PBXFileReference; lastKnownFileType = image.png; name = "Plus-icon@2x.png"; path = "Graphics/Plus-icon@2x.png"; sourceTree = "<group>"; };
		27CCD5501B78FDEF007EEAD0 /* Plus-icon@3x.png */ = {isa = PBXFileReference; lastKnownFileType = image.png; name = "Plus-icon@3x.png"; path = "Graphics/Plus-icon@3x.png"; sourceTree = "<group>"; };
		27D6F7981B67F3F900F42EAA /* TestLocations.gpx */ = {isa = PBXFileReference; fileEncoding = 4; lastKnownFileType = text.xml; path = TestLocations.gpx; sourceTree = "<group>"; };
		27E6D7B31B5D579600D7CC19 /* ALUNavigationController.h */ = {isa = PBXFileReference; fileEncoding = 4; lastKnownFileType = sourcecode.c.h; path = ALUNavigationController.h; sourceTree = "<group>"; };
		27E6D7B41B5D579700D7CC19 /* ALUNavigationController.m */ = {isa = PBXFileReference; fileEncoding = 4; lastKnownFileType = sourcecode.c.objc; path = ALUNavigationController.m; sourceTree = "<group>"; };
		27E6D7F11B5D785600D7CC19 /* ALUSplitViewController.h */ = {isa = PBXFileReference; fileEncoding = 4; lastKnownFileType = sourcecode.c.h; path = ALUSplitViewController.h; sourceTree = "<group>"; };
		27E6D7F21B5D785600D7CC19 /* ALUSplitViewController.m */ = {isa = PBXFileReference; fileEncoding = 4; lastKnownFileType = sourcecode.c.objc; path = ALUSplitViewController.m; sourceTree = "<group>"; };
		27E6D7FD1B5D9EB500D7CC19 /* AFHTTPRequestOperation.h */ = {isa = PBXFileReference; fileEncoding = 4; lastKnownFileType = sourcecode.c.h; name = AFHTTPRequestOperation.h; path = AFNetworking/AFHTTPRequestOperation.h; sourceTree = "<group>"; };
		27E6D7FE1B5D9EB500D7CC19 /* AFHTTPRequestOperation.m */ = {isa = PBXFileReference; fileEncoding = 4; lastKnownFileType = sourcecode.c.objc; name = AFHTTPRequestOperation.m; path = AFNetworking/AFHTTPRequestOperation.m; sourceTree = "<group>"; };
		27E6D7FF1B5D9EB500D7CC19 /* AFHTTPRequestOperationManager.h */ = {isa = PBXFileReference; fileEncoding = 4; lastKnownFileType = sourcecode.c.h; name = AFHTTPRequestOperationManager.h; path = AFNetworking/AFHTTPRequestOperationManager.h; sourceTree = "<group>"; };
		27E6D8001B5D9EB500D7CC19 /* AFHTTPRequestOperationManager.m */ = {isa = PBXFileReference; fileEncoding = 4; lastKnownFileType = sourcecode.c.objc; name = AFHTTPRequestOperationManager.m; path = AFNetworking/AFHTTPRequestOperationManager.m; sourceTree = "<group>"; };
		27E6D8011B5D9EB500D7CC19 /* AFHTTPSessionManager.h */ = {isa = PBXFileReference; fileEncoding = 4; lastKnownFileType = sourcecode.c.h; name = AFHTTPSessionManager.h; path = AFNetworking/AFHTTPSessionManager.h; sourceTree = "<group>"; };
		27E6D8021B5D9EB500D7CC19 /* AFHTTPSessionManager.m */ = {isa = PBXFileReference; fileEncoding = 4; lastKnownFileType = sourcecode.c.objc; name = AFHTTPSessionManager.m; path = AFNetworking/AFHTTPSessionManager.m; sourceTree = "<group>"; };
		27E6D8031B5D9EB500D7CC19 /* AFNetworking.h */ = {isa = PBXFileReference; fileEncoding = 4; lastKnownFileType = sourcecode.c.h; name = AFNetworking.h; path = AFNetworking/AFNetworking.h; sourceTree = "<group>"; };
		27E6D8041B5D9EB500D7CC19 /* AFNetworkReachabilityManager.h */ = {isa = PBXFileReference; fileEncoding = 4; lastKnownFileType = sourcecode.c.h; name = AFNetworkReachabilityManager.h; path = AFNetworking/AFNetworkReachabilityManager.h; sourceTree = "<group>"; };
		27E6D8051B5D9EB500D7CC19 /* AFNetworkReachabilityManager.m */ = {isa = PBXFileReference; fileEncoding = 4; lastKnownFileType = sourcecode.c.objc; name = AFNetworkReachabilityManager.m; path = AFNetworking/AFNetworkReachabilityManager.m; sourceTree = "<group>"; };
		27E6D8061B5D9EB500D7CC19 /* AFSecurityPolicy.h */ = {isa = PBXFileReference; fileEncoding = 4; lastKnownFileType = sourcecode.c.h; name = AFSecurityPolicy.h; path = AFNetworking/AFSecurityPolicy.h; sourceTree = "<group>"; };
		27E6D8071B5D9EB500D7CC19 /* AFSecurityPolicy.m */ = {isa = PBXFileReference; fileEncoding = 4; lastKnownFileType = sourcecode.c.objc; name = AFSecurityPolicy.m; path = AFNetworking/AFSecurityPolicy.m; sourceTree = "<group>"; };
		27E6D8081B5D9EB500D7CC19 /* AFURLConnectionOperation.h */ = {isa = PBXFileReference; fileEncoding = 4; lastKnownFileType = sourcecode.c.h; name = AFURLConnectionOperation.h; path = AFNetworking/AFURLConnectionOperation.h; sourceTree = "<group>"; };
		27E6D8091B5D9EB500D7CC19 /* AFURLConnectionOperation.m */ = {isa = PBXFileReference; fileEncoding = 4; lastKnownFileType = sourcecode.c.objc; name = AFURLConnectionOperation.m; path = AFNetworking/AFURLConnectionOperation.m; sourceTree = "<group>"; };
		27E6D80A1B5D9EB500D7CC19 /* AFURLRequestSerialization.h */ = {isa = PBXFileReference; fileEncoding = 4; lastKnownFileType = sourcecode.c.h; name = AFURLRequestSerialization.h; path = AFNetworking/AFURLRequestSerialization.h; sourceTree = "<group>"; };
		27E6D80B1B5D9EB500D7CC19 /* AFURLRequestSerialization.m */ = {isa = PBXFileReference; fileEncoding = 4; lastKnownFileType = sourcecode.c.objc; name = AFURLRequestSerialization.m; path = AFNetworking/AFURLRequestSerialization.m; sourceTree = "<group>"; };
		27E6D80C1B5D9EB500D7CC19 /* AFURLResponseSerialization.h */ = {isa = PBXFileReference; fileEncoding = 4; lastKnownFileType = sourcecode.c.h; name = AFURLResponseSerialization.h; path = AFNetworking/AFURLResponseSerialization.h; sourceTree = "<group>"; };
		27E6D80D1B5D9EB500D7CC19 /* AFURLResponseSerialization.m */ = {isa = PBXFileReference; fileEncoding = 4; lastKnownFileType = sourcecode.c.objc; name = AFURLResponseSerialization.m; path = AFNetworking/AFURLResponseSerialization.m; sourceTree = "<group>"; };
		27E6D80E1B5D9EB500D7CC19 /* AFURLSessionManager.h */ = {isa = PBXFileReference; fileEncoding = 4; lastKnownFileType = sourcecode.c.h; name = AFURLSessionManager.h; path = AFNetworking/AFURLSessionManager.h; sourceTree = "<group>"; };
		27E6D80F1B5D9EB500D7CC19 /* AFURLSessionManager.m */ = {isa = PBXFileReference; fileEncoding = 4; lastKnownFileType = sourcecode.c.objc; name = AFURLSessionManager.m; path = AFNetworking/AFURLSessionManager.m; sourceTree = "<group>"; };
		27E6D81A1B5D9ED000D7CC19 /* AFNetworkActivityIndicatorManager.h */ = {isa = PBXFileReference; fileEncoding = 4; lastKnownFileType = sourcecode.c.h; name = AFNetworkActivityIndicatorManager.h; path = "UIKit+AFNetworking/AFNetworkActivityIndicatorManager.h"; sourceTree = "<group>"; };
		27E6D81B1B5D9ED000D7CC19 /* AFNetworkActivityIndicatorManager.m */ = {isa = PBXFileReference; fileEncoding = 4; lastKnownFileType = sourcecode.c.objc; name = AFNetworkActivityIndicatorManager.m; path = "UIKit+AFNetworking/AFNetworkActivityIndicatorManager.m"; sourceTree = "<group>"; };
		27E6D81C1B5D9ED000D7CC19 /* UIActivityIndicatorView+AFNetworking.h */ = {isa = PBXFileReference; fileEncoding = 4; lastKnownFileType = sourcecode.c.h; name = "UIActivityIndicatorView+AFNetworking.h"; path = "UIKit+AFNetworking/UIActivityIndicatorView+AFNetworking.h"; sourceTree = "<group>"; };
		27E6D81D1B5D9ED000D7CC19 /* UIActivityIndicatorView+AFNetworking.m */ = {isa = PBXFileReference; fileEncoding = 4; lastKnownFileType = sourcecode.c.objc; name = "UIActivityIndicatorView+AFNetworking.m"; path = "UIKit+AFNetworking/UIActivityIndicatorView+AFNetworking.m"; sourceTree = "<group>"; };
		27E6D81E1B5D9ED000D7CC19 /* UIAlertView+AFNetworking.h */ = {isa = PBXFileReference; fileEncoding = 4; lastKnownFileType = sourcecode.c.h; name = "UIAlertView+AFNetworking.h"; path = "UIKit+AFNetworking/UIAlertView+AFNetworking.h"; sourceTree = "<group>"; };
		27E6D81F1B5D9ED000D7CC19 /* UIAlertView+AFNetworking.m */ = {isa = PBXFileReference; fileEncoding = 4; lastKnownFileType = sourcecode.c.objc; name = "UIAlertView+AFNetworking.m"; path = "UIKit+AFNetworking/UIAlertView+AFNetworking.m"; sourceTree = "<group>"; };
		27E6D8201B5D9ED000D7CC19 /* UIButton+AFNetworking.h */ = {isa = PBXFileReference; fileEncoding = 4; lastKnownFileType = sourcecode.c.h; name = "UIButton+AFNetworking.h"; path = "UIKit+AFNetworking/UIButton+AFNetworking.h"; sourceTree = "<group>"; };
		27E6D8211B5D9ED000D7CC19 /* UIButton+AFNetworking.m */ = {isa = PBXFileReference; fileEncoding = 4; lastKnownFileType = sourcecode.c.objc; name = "UIButton+AFNetworking.m"; path = "UIKit+AFNetworking/UIButton+AFNetworking.m"; sourceTree = "<group>"; };
		27E6D8221B5D9ED000D7CC19 /* UIImageView+AFNetworking.h */ = {isa = PBXFileReference; fileEncoding = 4; lastKnownFileType = sourcecode.c.h; name = "UIImageView+AFNetworking.h"; path = "UIKit+AFNetworking/UIImageView+AFNetworking.h"; sourceTree = "<group>"; };
		27E6D8231B5D9ED000D7CC19 /* UIImageView+AFNetworking.m */ = {isa = PBXFileReference; fileEncoding = 4; lastKnownFileType = sourcecode.c.objc; name = "UIImageView+AFNetworking.m"; path = "UIKit+AFNetworking/UIImageView+AFNetworking.m"; sourceTree = "<group>"; };
		27E6D8241B5D9ED000D7CC19 /* UIKit+AFNetworking.h */ = {isa = PBXFileReference; fileEncoding = 4; lastKnownFileType = sourcecode.c.h; name = "UIKit+AFNetworking.h"; path = "UIKit+AFNetworking/UIKit+AFNetworking.h"; sourceTree = "<group>"; };
		27E6D8251B5D9ED000D7CC19 /* UIProgressView+AFNetworking.h */ = {isa = PBXFileReference; fileEncoding = 4; lastKnownFileType = sourcecode.c.h; name = "UIProgressView+AFNetworking.h"; path = "UIKit+AFNetworking/UIProgressView+AFNetworking.h"; sourceTree = "<group>"; };
		27E6D8261B5D9ED000D7CC19 /* UIProgressView+AFNetworking.m */ = {isa = PBXFileReference; fileEncoding = 4; lastKnownFileType = sourcecode.c.objc; name = "UIProgressView+AFNetworking.m"; path = "UIKit+AFNetworking/UIProgressView+AFNetworking.m"; sourceTree = "<group>"; };
		27E6D8271B5D9ED000D7CC19 /* UIRefreshControl+AFNetworking.h */ = {isa = PBXFileReference; fileEncoding = 4; lastKnownFileType = sourcecode.c.h; name = "UIRefreshControl+AFNetworking.h"; path = "UIKit+AFNetworking/UIRefreshControl+AFNetworking.h"; sourceTree = "<group>"; };
		27E6D8281B5D9ED000D7CC19 /* UIRefreshControl+AFNetworking.m */ = {isa = PBXFileReference; fileEncoding = 4; lastKnownFileType = sourcecode.c.objc; name = "UIRefreshControl+AFNetworking.m"; path = "UIKit+AFNetworking/UIRefreshControl+AFNetworking.m"; sourceTree = "<group>"; };
		27E6D8291B5D9ED000D7CC19 /* UIWebView+AFNetworking.h */ = {isa = PBXFileReference; fileEncoding = 4; lastKnownFileType = sourcecode.c.h; name = "UIWebView+AFNetworking.h"; path = "UIKit+AFNetworking/UIWebView+AFNetworking.h"; sourceTree = "<group>"; };
		27E6D82A1B5D9ED000D7CC19 /* UIWebView+AFNetworking.m */ = {isa = PBXFileReference; fileEncoding = 4; lastKnownFileType = sourcecode.c.objc; name = "UIWebView+AFNetworking.m"; path = "UIKit+AFNetworking/UIWebView+AFNetworking.m"; sourceTree = "<group>"; };
		27E6D8331B6038AA00D7CC19 /* JSONColorFormatter.h */ = {isa = PBXFileReference; fileEncoding = 4; lastKnownFileType = sourcecode.c.h; path = JSONColorFormatter.h; sourceTree = "<group>"; };
		27E6D8341B6038AA00D7CC19 /* JSONColorFormatter.m */ = {isa = PBXFileReference; fileEncoding = 4; lastKnownFileType = sourcecode.c.objc; path = JSONColorFormatter.m; sourceTree = "<group>"; };
		27E6D8361B6055EE00D7CC19 /* NKFColor+SportsTeams.h */ = {isa = PBXFileReference; fileEncoding = 4; lastKnownFileType = sourcecode.c.h; path = "NKFColor+SportsTeams.h"; sourceTree = "<group>"; };
		27E6D8371B6055EE00D7CC19 /* NKFColor+SportsTeams.m */ = {isa = PBXFileReference; fileEncoding = 4; lastKnownFileType = sourcecode.c.objc; path = "NKFColor+SportsTeams.m"; sourceTree = "<group>"; };
		27E6D8391B60563C00D7CC19 /* NKFColor+Companies.h */ = {isa = PBXFileReference; fileEncoding = 4; lastKnownFileType = sourcecode.c.h; path = "NKFColor+Companies.h"; sourceTree = "<group>"; };
		27E6D83A1B60563C00D7CC19 /* NKFColor+Companies.m */ = {isa = PBXFileReference; fileEncoding = 4; lastKnownFileType = sourcecode.c.objc; path = "NKFColor+Companies.m"; sourceTree = "<group>"; };
		27E6D83C1B605A6800D7CC19 /* NKFColor+WikipediaColors.h */ = {isa = PBXFileReference; fileEncoding = 4; lastKnownFileType = sourcecode.c.h; path = "NKFColor+WikipediaColors.h"; sourceTree = "<group>"; };
		27E6D83D1B605A6800D7CC19 /* NKFColor+WikipediaColors.m */ = {isa = PBXFileReference; fileEncoding = 4; lastKnownFileType = sourcecode.c.objc; path = "NKFColor+WikipediaColors.m"; sourceTree = "<group>"; };
		27E6D83F1B605B0000D7CC19 /* NKFColor+Dates.h */ = {isa = PBXFileReference; fileEncoding = 4; lastKnownFileType = sourcecode.c.h; path = "NKFColor+Dates.h"; sourceTree = "<group>"; };
		27E6D8401B605B0000D7CC19 /* NKFColor+Dates.m */ = {isa = PBXFileReference; fileEncoding = 4; lastKnownFileType = sourcecode.c.objc; path = "NKFColor+Dates.m"; sourceTree = "<group>"; };
		27E6D8421B605CC200D7CC19 /* NKFColor+AppColors.h */ = {isa = PBXFileReference; fileEncoding = 4; lastKnownFileType = sourcecode.c.h; path = "NKFColor+AppColors.h"; sourceTree = "<group>"; };
		27E6D8431B605CC200D7CC19 /* NKFColor+AppColors.m */ = {isa = PBXFileReference; fileEncoding = 4; lastKnownFileType = sourcecode.c.objc; path = "NKFColor+AppColors.m"; sourceTree = "<group>"; };
		27F2CA911B756355006918CC /* Edit-icon.png */ = {isa = PBXFileReference; lastKnownFileType = image.png; name = "Edit-icon.png"; path = "Graphics/Edit-icon.png"; sourceTree = "<group>"; };
		27F2CA921B756355006918CC /* Edit-icon@2x.png */ = {isa = PBXFileReference; lastKnownFileType = image.png; name = "Edit-icon@2x.png"; path = "Graphics/Edit-icon@2x.png"; sourceTree = "<group>"; };
		27F2CA931B756355006918CC /* Edit-icon@3x.png */ = {isa = PBXFileReference; lastKnownFileType = image.png; name = "Edit-icon@3x.png"; path = "Graphics/Edit-icon@3x.png"; sourceTree = "<group>"; };
		27FF34B61B58011E005DD69E /* NKFColor.h */ = {isa = PBXFileReference; fileEncoding = 4; lastKnownFileType = sourcecode.c.h; path = NKFColor.h; sourceTree = "<group>"; };
		27FF34B71B58011E005DD69E /* NKFColor.m */ = {isa = PBXFileReference; fileEncoding = 4; lastKnownFileType = sourcecode.c.objc; path = NKFColor.m; sourceTree = "<group>"; };
		803127971B77E8F000033031 /* ALUBackgroundView.h */ = {isa = PBXFileReference; fileEncoding = 4; lastKnownFileType = sourcecode.c.h; path = ALUBackgroundView.h; sourceTree = "<group>"; };
		803127981B77E8F000033031 /* ALUBackgroundView.m */ = {isa = PBXFileReference; fileEncoding = 4; lastKnownFileType = sourcecode.c.objc; path = ALUBackgroundView.m; sourceTree = "<group>"; };
		805E83F01B77EFDD00D362C3 /* ALUPatternedView.h */ = {isa = PBXFileReference; fileEncoding = 4; lastKnownFileType = sourcecode.c.h; path = ALUPatternedView.h; sourceTree = "<group>"; };
		805E83F11B77EFDD00D362C3 /* ALUPatternedView.m */ = {isa = PBXFileReference; fileEncoding = 4; lastKnownFileType = sourcecode.c.objc; path = ALUPatternedView.m; sourceTree = "<group>"; };
		80C4AE8F1B781257002922F7 /* UIImage+PixelInformation.h */ = {isa = PBXFileReference; fileEncoding = 4; lastKnownFileType = sourcecode.c.h; path = "UIImage+PixelInformation.h"; sourceTree = "<group>"; };
		80C4AE901B781257002922F7 /* UIImage+PixelInformation.m */ = {isa = PBXFileReference; fileEncoding = 4; lastKnownFileType = sourcecode.c.objc; path = "UIImage+PixelInformation.m"; sourceTree = "<group>"; };
		905E9F3B1B7168A6007A6DB4 /* Alphabetical List Utility.entitlements */ = {isa = PBXFileReference; lastKnownFileType = text.xml; path = "Alphabetical List Utility.entitlements"; sourceTree = "<group>"; };
		905E9F3C1B716ED5007A6DB4 /* ALUDocument.h */ = {isa = PBXFileReference; fileEncoding = 4; lastKnownFileType = sourcecode.c.h; path = ALUDocument.h; sourceTree = "<group>"; };
		905E9F3D1B716ED5007A6DB4 /* ALUDocument.m */ = {isa = PBXFileReference; fileEncoding = 4; lastKnownFileType = sourcecode.c.objc; path = ALUDocument.m; sourceTree = "<group>"; };
		906ED6B01B6A5C8B00362BC6 /* NKFColor+Universities.h */ = {isa = PBXFileReference; fileEncoding = 4; lastKnownFileType = sourcecode.c.h; path = "NKFColor+Universities.h"; sourceTree = "<group>"; };
		906ED6B11B6A5C8B00362BC6 /* NKFColor+Universities.m */ = {isa = PBXFileReference; fileEncoding = 4; lastKnownFileType = sourcecode.c.objc; path = "NKFColor+Universities.m"; sourceTree = "<group>"; };
		90BFD9731B67258600CA617B /* ALUPointAnnotation.h */ = {isa = PBXFileReference; fileEncoding = 4; lastKnownFileType = sourcecode.c.h; path = ALUPointAnnotation.h; sourceTree = "<group>"; };
		90BFD9741B67258600CA617B /* ALUPointAnnotation.m */ = {isa = PBXFileReference; fileEncoding = 4; lastKnownFileType = sourcecode.c.objc; path = ALUPointAnnotation.m; sourceTree = "<group>"; };
		90C282931B66B4120078340C /* MapKit.framework */ = {isa = PBXFileReference; lastKnownFileType = wrapper.framework; name = MapKit.framework; path = System/Library/Frameworks/MapKit.framework; sourceTree = SDKROOT; };
		90C282951B66B4800078340C /* ALUMapViewController.h */ = {isa = PBXFileReference; fileEncoding = 4; lastKnownFileType = sourcecode.c.h; path = ALUMapViewController.h; sourceTree = "<group>"; };
		90C282961B66B4800078340C /* ALUMapViewController.m */ = {isa = PBXFileReference; fileEncoding = 4; lastKnownFileType = sourcecode.c.objc; path = ALUMapViewController.m; sourceTree = "<group>"; };
		90F7DA7E1B63BF9800D4E0B7 /* MessageUI.framework */ = {isa = PBXFileReference; lastKnownFileType = wrapper.framework; name = MessageUI.framework; path = System/Library/Frameworks/MessageUI.framework; sourceTree = SDKROOT; };
		90F7DA801B65D73500D4E0B7 /* CoreLocation.framework */ = {isa = PBXFileReference; lastKnownFileType = wrapper.framework; name = CoreLocation.framework; path = System/Library/Frameworks/CoreLocation.framework; sourceTree = SDKROOT; };
		90F7DA821B65D78400D4E0B7 /* AddressBook.framework */ = {isa = PBXFileReference; lastKnownFileType = wrapper.framework; name = AddressBook.framework; path = System/Library/Frameworks/AddressBook.framework; sourceTree = SDKROOT; };
		90F7DA831B65D78400D4E0B7 /* AddressBookUI.framework */ = {isa = PBXFileReference; lastKnownFileType = wrapper.framework; name = AddressBookUI.framework; path = System/Library/Frameworks/AddressBookUI.framework; sourceTree = SDKROOT; };
/* End PBXFileReference section */

/* Begin PBXFrameworksBuildPhase section */
		27A8C2211B4AD62800E5A3D9 /* Frameworks */ = {
			isa = PBXFrameworksBuildPhase;
			buildActionMask = 2147483647;
			files = (
				90C282941B66B4120078340C /* MapKit.framework in Frameworks */,
				90F7DA841B65D78400D4E0B7 /* AddressBook.framework in Frameworks */,
				90F7DA851B65D78400D4E0B7 /* AddressBookUI.framework in Frameworks */,
				90F7DA811B65D73500D4E0B7 /* CoreLocation.framework in Frameworks */,
				90F7DA7F1B63BF9800D4E0B7 /* MessageUI.framework in Frameworks */,
			);
			runOnlyForDeploymentPostprocessing = 0;
		};
		27A8C23D1B4AD62800E5A3D9 /* Frameworks */ = {
			isa = PBXFrameworksBuildPhase;
			buildActionMask = 2147483647;
			files = (
			);
			runOnlyForDeploymentPostprocessing = 0;
		};
/* End PBXFrameworksBuildPhase section */

/* Begin PBXGroup section */
		27A8C21B1B4AD62800E5A3D9 = {
			isa = PBXGroup;
			children = (
				27A8C2261B4AD62800E5A3D9 /* Alphabetical List Utility */,
				27A8C2431B4AD62800E5A3D9 /* Alphabetical List UtilityTests */,
				27A8C24E1B4AD62800E5A3D9 /* Alphabetical List UtilityUITests */,
				27A8C2251B4AD62800E5A3D9 /* Products */,
				90C282931B66B4120078340C /* MapKit.framework */,
				90F7DA821B65D78400D4E0B7 /* AddressBook.framework */,
				90F7DA831B65D78400D4E0B7 /* AddressBookUI.framework */,
				90F7DA801B65D73500D4E0B7 /* CoreLocation.framework */,
				90F7DA7E1B63BF9800D4E0B7 /* MessageUI.framework */,
			);
			sourceTree = "<group>";
		};
		27A8C2251B4AD62800E5A3D9 /* Products */ = {
			isa = PBXGroup;
			children = (
				27A8C2241B4AD62800E5A3D9 /* Alphabetical List Utility.app */,
				27A8C2401B4AD62800E5A3D9 /* Alphabetical List UtilityTests.xctest */,
			);
			name = Products;
			sourceTree = "<group>";
		};
		27A8C2261B4AD62800E5A3D9 /* Alphabetical List Utility */ = {
			isa = PBXGroup;
			children = (
				27A8C22A1B4AD62800E5A3D9 /* AppDelegate.h */,
				27A8C22B1B4AD62800E5A3D9 /* AppDelegate.m */,
				803127941B77E80400033031 /* View Controllers */,
				803127951B77E81900033031 /* Views */,
				803127961B77E82300033031 /* Data */,
				27A8C2331B4AD62800E5A3D9 /* Main.storyboard */,
				27A8C2361B4AD62800E5A3D9 /* Assets.xcassets */,
				27A8C23B1B4AD62800E5A3D9 /* Info.plist */,
				27A8C2271B4AD62800E5A3D9 /* Supporting Files */,
				27E6D8191B5D9EBD00D7CC19 /* UIKit+AFNetworking */,
				27E6D7FC1B5D9EAB00D7CC19 /* AFNetworking */,
			);
			path = "Alphabetical List Utility";
			sourceTree = "<group>";
		};
		27A8C2271B4AD62800E5A3D9 /* Supporting Files */ = {
			isa = PBXGroup;
			children = (
				27F2CA8F1B756346006918CC /* Graphics */,
				905E9F3B1B7168A6007A6DB4 /* Alphabetical List Utility.entitlements */,
				27D6F7981B67F3F900F42EAA /* TestLocations.gpx */,
				272850C61B7295D800B7C6A6 /* PrefixHeader.pch */,
				27A8C2601B4AED1800E5A3D9 /* Categories */,
				27A8C2281B4AD62800E5A3D9 /* main.m */,
				27FF34B61B58011E005DD69E /* NKFColor.h */,
				27FF34B71B58011E005DD69E /* NKFColor.m */,
				27E6D83F1B605B0000D7CC19 /* NKFColor+Dates.h */,
				27E6D8401B605B0000D7CC19 /* NKFColor+Dates.m */,
				27E6D8421B605CC200D7CC19 /* NKFColor+AppColors.h */,
				27E6D8431B605CC200D7CC19 /* NKFColor+AppColors.m */,
				27E6D83C1B605A6800D7CC19 /* NKFColor+WikipediaColors.h */,
				27E6D83D1B605A6800D7CC19 /* NKFColor+WikipediaColors.m */,
				27E6D8361B6055EE00D7CC19 /* NKFColor+SportsTeams.h */,
				27E6D8371B6055EE00D7CC19 /* NKFColor+SportsTeams.m */,
				906ED6B01B6A5C8B00362BC6 /* NKFColor+Universities.h */,
				906ED6B11B6A5C8B00362BC6 /* NKFColor+Universities.m */,
				27E6D8391B60563C00D7CC19 /* NKFColor+Companies.h */,
				27E6D83A1B60563C00D7CC19 /* NKFColor+Companies.m */,
				27E6D8331B6038AA00D7CC19 /* JSONColorFormatter.h */,
				27E6D8341B6038AA00D7CC19 /* JSONColorFormatter.m */,
			);
			name = "Supporting Files";
			sourceTree = "<group>";
		};
		27A8C2431B4AD62800E5A3D9 /* Alphabetical List UtilityTests */ = {
			isa = PBXGroup;
			children = (
				27A8C2441B4AD62800E5A3D9 /* Alphabetical_List_UtilityTests.m */,
				27A8C2461B4AD62800E5A3D9 /* Info.plist */,
			);
			path = "Alphabetical List UtilityTests";
			sourceTree = "<group>";
		};
		27A8C24E1B4AD62800E5A3D9 /* Alphabetical List UtilityUITests */ = {
			isa = PBXGroup;
			children = (
				27A8C24F1B4AD62800E5A3D9 /* Alphabetical_List_UtilityUITests.m */,
				27A8C2511B4AD62800E5A3D9 /* Info.plist */,
			);
			path = "Alphabetical List UtilityUITests";
			sourceTree = "<group>";
		};
		27A8C2601B4AED1800E5A3D9 /* Categories */ = {
			isa = PBXGroup;
			children = (
				27A8C2611B4AED2200E5A3D9 /* UIColor+AppColors.h */,
				27A8C2621B4AED2200E5A3D9 /* UIColor+AppColors.m */,
				27A8C2701B4AFEE300E5A3D9 /* UIColor+BrandColors.h */,
				27A8C2711B4AFEE300E5A3D9 /* UIColor+BrandColors.m */,
				27A8C2631B4AED2200E5A3D9 /* UIFont+AppFonts.h */,
				27A8C2641B4AED2200E5A3D9 /* UIFont+AppFonts.m */,
				27A8C2651B4AED2200E5A3D9 /* UIFont+Custom.h */,
				27A8C2661B4AED2200E5A3D9 /* UIFont+Custom.m */,
				27A8C2671B4AED2200E5A3D9 /* NGAParallaxMotion.h */,
				27A8C2681B4AED2200E5A3D9 /* NGAParallaxMotion.m */,
				27A8C2691B4AED2200E5A3D9 /* NSString+AppFunctions.h */,
				27A8C26A1B4AED2200E5A3D9 /* NSString+AppFunctions.m */,
				278255541B62910100309E6F /* UIImage+ImageEffects.h */,
				278255551B62910100309E6F /* UIImage+ImageEffects.m */,
				80C4AE8F1B781257002922F7 /* UIImage+PixelInformation.h */,
				80C4AE901B781257002922F7 /* UIImage+PixelInformation.m */,
			);
			name = Categories;
			sourceTree = "<group>";
		};
		27E6D7FC1B5D9EAB00D7CC19 /* AFNetworking */ = {
			isa = PBXGroup;
			children = (
				27E6D7FD1B5D9EB500D7CC19 /* AFHTTPRequestOperation.h */,
				27E6D7FE1B5D9EB500D7CC19 /* AFHTTPRequestOperation.m */,
				27E6D7FF1B5D9EB500D7CC19 /* AFHTTPRequestOperationManager.h */,
				27E6D8001B5D9EB500D7CC19 /* AFHTTPRequestOperationManager.m */,
				27E6D8011B5D9EB500D7CC19 /* AFHTTPSessionManager.h */,
				27E6D8021B5D9EB500D7CC19 /* AFHTTPSessionManager.m */,
				27E6D8031B5D9EB500D7CC19 /* AFNetworking.h */,
				27E6D8041B5D9EB500D7CC19 /* AFNetworkReachabilityManager.h */,
				27E6D8051B5D9EB500D7CC19 /* AFNetworkReachabilityManager.m */,
				27E6D8061B5D9EB500D7CC19 /* AFSecurityPolicy.h */,
				27E6D8071B5D9EB500D7CC19 /* AFSecurityPolicy.m */,
				27E6D8081B5D9EB500D7CC19 /* AFURLConnectionOperation.h */,
				27E6D8091B5D9EB500D7CC19 /* AFURLConnectionOperation.m */,
				27E6D80A1B5D9EB500D7CC19 /* AFURLRequestSerialization.h */,
				27E6D80B1B5D9EB500D7CC19 /* AFURLRequestSerialization.m */,
				27E6D80C1B5D9EB500D7CC19 /* AFURLResponseSerialization.h */,
				27E6D80D1B5D9EB500D7CC19 /* AFURLResponseSerialization.m */,
				27E6D80E1B5D9EB500D7CC19 /* AFURLSessionManager.h */,
				27E6D80F1B5D9EB500D7CC19 /* AFURLSessionManager.m */,
			);
			name = AFNetworking;
			sourceTree = "<group>";
		};
		27E6D8191B5D9EBD00D7CC19 /* UIKit+AFNetworking */ = {
			isa = PBXGroup;
			children = (
				27E6D81A1B5D9ED000D7CC19 /* AFNetworkActivityIndicatorManager.h */,
				27E6D81B1B5D9ED000D7CC19 /* AFNetworkActivityIndicatorManager.m */,
				27E6D81C1B5D9ED000D7CC19 /* UIActivityIndicatorView+AFNetworking.h */,
				27E6D81D1B5D9ED000D7CC19 /* UIActivityIndicatorView+AFNetworking.m */,
				27E6D81E1B5D9ED000D7CC19 /* UIAlertView+AFNetworking.h */,
				27E6D81F1B5D9ED000D7CC19 /* UIAlertView+AFNetworking.m */,
				27E6D8201B5D9ED000D7CC19 /* UIButton+AFNetworking.h */,
				27E6D8211B5D9ED000D7CC19 /* UIButton+AFNetworking.m */,
				27E6D8221B5D9ED000D7CC19 /* UIImageView+AFNetworking.h */,
				27E6D8231B5D9ED000D7CC19 /* UIImageView+AFNetworking.m */,
				27E6D8241B5D9ED000D7CC19 /* UIKit+AFNetworking.h */,
				27E6D8251B5D9ED000D7CC19 /* UIProgressView+AFNetworking.h */,
				27E6D8261B5D9ED000D7CC19 /* UIProgressView+AFNetworking.m */,
				27E6D8271B5D9ED000D7CC19 /* UIRefreshControl+AFNetworking.h */,
				27E6D8281B5D9ED000D7CC19 /* UIRefreshControl+AFNetworking.m */,
				27E6D8291B5D9ED000D7CC19 /* UIWebView+AFNetworking.h */,
				27E6D82A1B5D9ED000D7CC19 /* UIWebView+AFNetworking.m */,
			);
			name = "UIKit+AFNetworking";
			sourceTree = "<group>";
		};
		27F2CA8F1B756346006918CC /* Graphics */ = {
			isa = PBXGroup;
			children = (
				27F2CA901B75634C006918CC /* Icons */,
			);
			name = Graphics;
			sourceTree = "<group>";
		};
		27F2CA901B75634C006918CC /* Icons */ = {
			isa = PBXGroup;
			children = (
				27F2CA911B756355006918CC /* Edit-icon.png */,
				27F2CA921B756355006918CC /* Edit-icon@2x.png */,
				27F2CA931B756355006918CC /* Edit-icon@3x.png */,
				27CCD54E1B78FDEF007EEAD0 /* Plus-icon.png */,
				27CCD54F1B78FDEF007EEAD0 /* Plus-icon@2x.png */,
				27CCD5501B78FDEF007EEAD0 /* Plus-icon@3x.png */,
			);
			name = Icons;
			sourceTree = "<group>";
		};
		803127941B77E80400033031 /* View Controllers */ = {
			isa = PBXGroup;
			children = (
				27A8C22D1B4AD62800E5A3D9 /* MasterViewController.h */,
				27A8C22E1B4AD62800E5A3D9 /* MasterViewController.m */,
				27A8C2301B4AD62800E5A3D9 /* DetailViewController.h */,
				27A8C2311B4AD62800E5A3D9 /* DetailViewController.m */,
				90C282951B66B4800078340C /* ALUMapViewController.h */,
				90C282961B66B4800078340C /* ALUMapViewController.m */,
				27E6D7B31B5D579600D7CC19 /* ALUNavigationController.h */,
				27E6D7B41B5D579700D7CC19 /* ALUNavigationController.m */,
				27E6D7F11B5D785600D7CC19 /* ALUSplitViewController.h */,
				27E6D7F21B5D785600D7CC19 /* ALUSplitViewController.m */,
			);
			name = "View Controllers";
			sourceTree = "<group>";
		};
		803127951B77E81900033031 /* Views */ = {
			isa = PBXGroup;
			children = (
				278255511B628BCA00309E6F /* ALUSettingsView.h */,
				278255521B628BCA00309E6F /* ALUSettingsView.m */,
				278255571B62A6F000309E6F /* ALUTableViewCell.h */,
				278255581B62A6F000309E6F /* ALUTableViewCell.m */,
				278038711B73B347008C509F /* ALUMasterTableViewCell.h */,
				278038721B73B347008C509F /* ALUMasterTableViewCell.m */,
				278038741B73B679008C509F /* ALUMasterTableView.h */,
				278038751B73B679008C509F /* ALUMasterTableView.m */,
				803127971B77E8F000033031 /* ALUBackgroundView.h */,
				803127981B77E8F000033031 /* ALUBackgroundView.m */,
				805E83F01B77EFDD00D362C3 /* ALUPatternedView.h */,
				805E83F11B77EFDD00D362C3 /* ALUPatternedView.m */,
			);
			name = Views;
			sourceTree = "<group>";
		};
		803127961B77E82300033031 /* Data */ = {
			isa = PBXGroup;
			children = (
				27A8C25D1B4AD7BB00E5A3D9 /* ALUDataManager.h */,
				27A8C25E1B4AD7BB00E5A3D9 /* ALUDataManager.m */,
				90BFD9731B67258600CA617B /* ALUPointAnnotation.h */,
				90BFD9741B67258600CA617B /* ALUPointAnnotation.m */,
				275C89CB1B6FFF6A00521755 /* ALUVerse.h */,
				275C89CC1B6FFF6A00521755 /* ALUVerse.m */,
				27CCD54B1B78E544007EEAD0 /* ALUPassage.h */,
				27CCD54C1B78E544007EEAD0 /* ALUPassage.m */,
				905E9F3C1B716ED5007A6DB4 /* ALUDocument.h */,
				905E9F3D1B716ED5007A6DB4 /* ALUDocument.m */,
			);
			name = Data;
			sourceTree = "<group>";
		};
/* End PBXGroup section */

/* Begin PBXNativeTarget section */
		27A8C2231B4AD62800E5A3D9 /* Alphabetical List Utility */ = {
			isa = PBXNativeTarget;
			buildConfigurationList = 27A8C2541B4AD62800E5A3D9 /* Build configuration list for PBXNativeTarget "Alphabetical List Utility" */;
			buildPhases = (
				27A8C2201B4AD62800E5A3D9 /* Sources */,
				27A8C2211B4AD62800E5A3D9 /* Frameworks */,
				27A8C2221B4AD62800E5A3D9 /* Resources */,
			);
			buildRules = (
			);
			dependencies = (
			);
			name = "Alphabetical List Utility";
			productName = "Alphabetical List Utility";
			productReference = 27A8C2241B4AD62800E5A3D9 /* Alphabetical List Utility.app */;
			productType = "com.apple.product-type.application";
		};
		27A8C23F1B4AD62800E5A3D9 /* Alphabetical List UtilityTests */ = {
			isa = PBXNativeTarget;
			buildConfigurationList = 27A8C2571B4AD62800E5A3D9 /* Build configuration list for PBXNativeTarget "Alphabetical List UtilityTests" */;
			buildPhases = (
				27A8C23C1B4AD62800E5A3D9 /* Sources */,
				27A8C23D1B4AD62800E5A3D9 /* Frameworks */,
				27A8C23E1B4AD62800E5A3D9 /* Resources */,
			);
			buildRules = (
			);
			dependencies = (
				27A8C2421B4AD62800E5A3D9 /* PBXTargetDependency */,
			);
			name = "Alphabetical List UtilityTests";
			productName = "Alphabetical List UtilityTests";
			productReference = 27A8C2401B4AD62800E5A3D9 /* Alphabetical List UtilityTests.xctest */;
			productType = "com.apple.product-type.bundle.unit-test";
		};
/* End PBXNativeTarget section */

/* Begin PBXProject section */
		27A8C21C1B4AD62800E5A3D9 /* Project object */ = {
			isa = PBXProject;
			attributes = {
				LastUpgradeCheck = 0700;
				ORGANIZATIONNAME = HAI;
				TargetAttributes = {
					27A8C2231B4AD62800E5A3D9 = {
						CreatedOnToolsVersion = 7.0;
						DevelopmentTeam = EJLR2RPSV2;
						SystemCapabilities = {
							com.apple.iCloud = {
								enabled = 1;
							};
						};
					};
					27A8C23F1B4AD62800E5A3D9 = {
						CreatedOnToolsVersion = 7.0;
						TestTargetID = 27A8C2231B4AD62800E5A3D9;
					};
				};
			};
			buildConfigurationList = 27A8C21F1B4AD62800E5A3D9 /* Build configuration list for PBXProject "Alphabetical List Utility" */;
			compatibilityVersion = "Xcode 3.2";
			developmentRegion = English;
			hasScannedForEncodings = 0;
			knownRegions = (
				en,
				Base,
			);
			mainGroup = 27A8C21B1B4AD62800E5A3D9;
			productRefGroup = 27A8C2251B4AD62800E5A3D9 /* Products */;
			projectDirPath = "";
			projectRoot = "";
			targets = (
				27A8C2231B4AD62800E5A3D9 /* Alphabetical List Utility */,
				27A8C23F1B4AD62800E5A3D9 /* Alphabetical List UtilityTests */,
			);
		};
/* End PBXProject section */

/* Begin PBXResourcesBuildPhase section */
		27A8C2221B4AD62800E5A3D9 /* Resources */ = {
			isa = PBXResourcesBuildPhase;
			buildActionMask = 2147483647;
			files = (
				27CCD5511B78FDEF007EEAD0 /* Plus-icon.png in Resources */,
				27CCD5531B78FDEF007EEAD0 /* Plus-icon@3x.png in Resources */,
				27F2CA961B756355006918CC /* Edit-icon@3x.png in Resources */,
				27F2CA951B756355006918CC /* Edit-icon@2x.png in Resources */,
				27F2CA941B756355006918CC /* Edit-icon.png in Resources */,
				27A8C2371B4AD62800E5A3D9 /* Assets.xcassets in Resources */,
				27D6F7991B67F3F900F42EAA /* TestLocations.gpx in Resources */,
				27A8C2351B4AD62800E5A3D9 /* Main.storyboard in Resources */,
				27CCD5521B78FDEF007EEAD0 /* Plus-icon@2x.png in Resources */,
			);
			runOnlyForDeploymentPostprocessing = 0;
		};
		27A8C23E1B4AD62800E5A3D9 /* Resources */ = {
			isa = PBXResourcesBuildPhase;
			buildActionMask = 2147483647;
			files = (
			);
			runOnlyForDeploymentPostprocessing = 0;
		};
/* End PBXResourcesBuildPhase section */

/* Begin PBXSourcesBuildPhase section */
		27A8C2201B4AD62800E5A3D9 /* Sources */ = {
			isa = PBXSourcesBuildPhase;
			buildActionMask = 2147483647;
			files = (
				27CCD54D1B78E544007EEAD0 /* ALUPassage.m in Sources */,
				805E83F21B77EFDD00D362C3 /* ALUPatternedView.m in Sources */,
				27E6D8441B605CC200D7CC19 /* NKFColor+AppColors.m in Sources */,
				27A8C22C1B4AD62800E5A3D9 /* AppDelegate.m in Sources */,
				27E6D82C1B5D9ED000D7CC19 /* UIActivityIndicatorView+AFNetworking.m in Sources */,
				27E6D8311B5D9ED000D7CC19 /* UIRefreshControl+AFNetworking.m in Sources */,
				27E6D82E1B5D9ED000D7CC19 /* UIButton+AFNetworking.m in Sources */,
				905E9F3E1B716ED5007A6DB4 /* ALUDocument.m in Sources */,
				27E6D82D1B5D9ED000D7CC19 /* UIAlertView+AFNetworking.m in Sources */,
				27A8C26B1B4AED2200E5A3D9 /* UIColor+AppColors.m in Sources */,
				27A8C22F1B4AD62800E5A3D9 /* MasterViewController.m in Sources */,
				27FF34B81B58011E005DD69E /* NKFColor.m in Sources */,
				80C4AE911B781257002922F7 /* UIImage+PixelInformation.m in Sources */,
				27E6D8381B6055EE00D7CC19 /* NKFColor+SportsTeams.m in Sources */,
				278255531B628BCA00309E6F /* ALUSettingsView.m in Sources */,
				27E6D8171B5D9EB500D7CC19 /* AFURLResponseSerialization.m in Sources */,
				27E6D8151B5D9EB500D7CC19 /* AFURLConnectionOperation.m in Sources */,
				27A8C2721B4AFEE300E5A3D9 /* UIColor+BrandColors.m in Sources */,
				278255561B62910100309E6F /* UIImage+ImageEffects.m in Sources */,
				27A8C26F1B4AED2200E5A3D9 /* NSString+AppFunctions.m in Sources */,
				27E6D8301B5D9ED000D7CC19 /* UIProgressView+AFNetworking.m in Sources */,
				27E6D8111B5D9EB500D7CC19 /* AFHTTPRequestOperationManager.m in Sources */,
				278255591B62A6F000309E6F /* ALUTableViewCell.m in Sources */,
				27A8C25F1B4AD7BB00E5A3D9 /* ALUDataManager.m in Sources */,
				90C282971B66B4800078340C /* ALUMapViewController.m in Sources */,
				27E6D8141B5D9EB500D7CC19 /* AFSecurityPolicy.m in Sources */,
				27E6D7B51B5D579700D7CC19 /* ALUNavigationController.m in Sources */,
				27A8C26C1B4AED2200E5A3D9 /* UIFont+AppFonts.m in Sources */,
				275C89CD1B6FFF6A00521755 /* ALUVerse.m in Sources */,
				27E6D8161B5D9EB500D7CC19 /* AFURLRequestSerialization.m in Sources */,
				906ED6B21B6A5C8B00362BC6 /* NKFColor+Universities.m in Sources */,
				27E6D8131B5D9EB500D7CC19 /* AFNetworkReachabilityManager.m in Sources */,
				90BFD9751B67258600CA617B /* ALUPointAnnotation.m in Sources */,
				27E6D8411B605B0000D7CC19 /* NKFColor+Dates.m in Sources */,
				27A8C26D1B4AED2200E5A3D9 /* UIFont+Custom.m in Sources */,
				27E6D82F1B5D9ED000D7CC19 /* UIImageView+AFNetworking.m in Sources */,
				27A8C2291B4AD62800E5A3D9 /* main.m in Sources */,
				27A8C26E1B4AED2200E5A3D9 /* NGAParallaxMotion.m in Sources */,
				27E6D8101B5D9EB500D7CC19 /* AFHTTPRequestOperation.m in Sources */,
				27E6D7F31B5D785600D7CC19 /* ALUSplitViewController.m in Sources */,
				27E6D83B1B60563C00D7CC19 /* NKFColor+Companies.m in Sources */,
				27E6D82B1B5D9ED000D7CC19 /* AFNetworkActivityIndicatorManager.m in Sources */,
				27E6D8121B5D9EB500D7CC19 /* AFHTTPSessionManager.m in Sources */,
				27E6D8351B6038AA00D7CC19 /* JSONColorFormatter.m in Sources */,
				27E6D8321B5D9ED000D7CC19 /* UIWebView+AFNetworking.m in Sources */,
				27E6D83E1B605A6800D7CC19 /* NKFColor+WikipediaColors.m in Sources */,
				803127991B77E8F000033031 /* ALUBackgroundView.m in Sources */,
				27A8C2321B4AD62800E5A3D9 /* DetailViewController.m in Sources */,
				278038731B73B347008C509F /* ALUMasterTableViewCell.m in Sources */,
				27E6D8181B5D9EB500D7CC19 /* AFURLSessionManager.m in Sources */,
				278038761B73B679008C509F /* ALUMasterTableView.m in Sources */,
			);
			runOnlyForDeploymentPostprocessing = 0;
		};
		27A8C23C1B4AD62800E5A3D9 /* Sources */ = {
			isa = PBXSourcesBuildPhase;
			buildActionMask = 2147483647;
			files = (
				27A8C2451B4AD62800E5A3D9 /* Alphabetical_List_UtilityTests.m in Sources */,
			);
			runOnlyForDeploymentPostprocessing = 0;
		};
/* End PBXSourcesBuildPhase section */

/* Begin PBXTargetDependency section */
		27A8C2421B4AD62800E5A3D9 /* PBXTargetDependency */ = {
			isa = PBXTargetDependency;
			target = 27A8C2231B4AD62800E5A3D9 /* Alphabetical List Utility */;
			targetProxy = 27A8C2411B4AD62800E5A3D9 /* PBXContainerItemProxy */;
		};
/* End PBXTargetDependency section */

/* Begin PBXVariantGroup section */
		27A8C2331B4AD62800E5A3D9 /* Main.storyboard */ = {
			isa = PBXVariantGroup;
			children = (
				27A8C2341B4AD62800E5A3D9 /* Base */,
			);
			name = Main.storyboard;
			sourceTree = "<group>";
		};
/* End PBXVariantGroup section */

/* Begin XCBuildConfiguration section */
		27A8C2521B4AD62800E5A3D9 /* Debug */ = {
			isa = XCBuildConfiguration;
			buildSettings = {
				ALWAYS_SEARCH_USER_PATHS = NO;
				CLANG_CXX_LANGUAGE_STANDARD = "gnu++0x";
				CLANG_CXX_LIBRARY = "libc++";
				CLANG_ENABLE_MODULES = YES;
				CLANG_ENABLE_OBJC_ARC = YES;
				CLANG_WARN_BOOL_CONVERSION = YES;
				CLANG_WARN_CONSTANT_CONVERSION = YES;
				CLANG_WARN_DIRECT_OBJC_ISA_USAGE = YES_ERROR;
				CLANG_WARN_EMPTY_BODY = YES;
				CLANG_WARN_ENUM_CONVERSION = YES;
				CLANG_WARN_INT_CONVERSION = YES;
				CLANG_WARN_OBJC_ROOT_CLASS = YES_ERROR;
				CLANG_WARN_UNREACHABLE_CODE = YES;
				CLANG_WARN__DUPLICATE_METHOD_MATCH = YES;
				"CODE_SIGN_IDENTITY[sdk=iphoneos*]" = "iPhone Developer";
				COPY_PHASE_STRIP = NO;
				DEBUG_INFORMATION_FORMAT = dwarf;
				ENABLE_STRICT_OBJC_MSGSEND = YES;
				ENABLE_TESTABILITY = YES;
				GCC_C_LANGUAGE_STANDARD = gnu99;
				GCC_DYNAMIC_NO_PIC = NO;
				GCC_NO_COMMON_BLOCKS = YES;
				GCC_OPTIMIZATION_LEVEL = 0;
				GCC_PREPROCESSOR_DEFINITIONS = (
					"DEBUG=1",
					"$(inherited)",
				);
				GCC_WARN_64_TO_32_BIT_CONVERSION = YES;
				GCC_WARN_ABOUT_RETURN_TYPE = YES_ERROR;
				GCC_WARN_UNDECLARED_SELECTOR = YES;
				GCC_WARN_UNINITIALIZED_AUTOS = YES_AGGRESSIVE;
				GCC_WARN_UNUSED_FUNCTION = YES;
				GCC_WARN_UNUSED_VARIABLE = YES;
				IPHONEOS_DEPLOYMENT_TARGET = 8.0;
				MTL_ENABLE_DEBUG_INFO = YES;
				ONLY_ACTIVE_ARCH = YES;
				SDKROOT = iphoneos;
				TARGETED_DEVICE_FAMILY = "1,2";
			};
			name = Debug;
		};
		27A8C2531B4AD62800E5A3D9 /* Release */ = {
			isa = XCBuildConfiguration;
			buildSettings = {
				ALWAYS_SEARCH_USER_PATHS = NO;
				CLANG_CXX_LANGUAGE_STANDARD = "gnu++0x";
				CLANG_CXX_LIBRARY = "libc++";
				CLANG_ENABLE_MODULES = YES;
				CLANG_ENABLE_OBJC_ARC = YES;
				CLANG_WARN_BOOL_CONVERSION = YES;
				CLANG_WARN_CONSTANT_CONVERSION = YES;
				CLANG_WARN_DIRECT_OBJC_ISA_USAGE = YES_ERROR;
				CLANG_WARN_EMPTY_BODY = YES;
				CLANG_WARN_ENUM_CONVERSION = YES;
				CLANG_WARN_INT_CONVERSION = YES;
				CLANG_WARN_OBJC_ROOT_CLASS = YES_ERROR;
				CLANG_WARN_UNREACHABLE_CODE = YES;
				CLANG_WARN__DUPLICATE_METHOD_MATCH = YES;
				"CODE_SIGN_IDENTITY[sdk=iphoneos*]" = "iPhone Developer";
				COPY_PHASE_STRIP = NO;
				DEBUG_INFORMATION_FORMAT = "dwarf-with-dsym";
				ENABLE_NS_ASSERTIONS = NO;
				ENABLE_STRICT_OBJC_MSGSEND = YES;
				GCC_C_LANGUAGE_STANDARD = gnu99;
				GCC_NO_COMMON_BLOCKS = YES;
				GCC_WARN_64_TO_32_BIT_CONVERSION = YES;
				GCC_WARN_ABOUT_RETURN_TYPE = YES_ERROR;
				GCC_WARN_UNDECLARED_SELECTOR = YES;
				GCC_WARN_UNINITIALIZED_AUTOS = YES_AGGRESSIVE;
				GCC_WARN_UNUSED_FUNCTION = YES;
				GCC_WARN_UNUSED_VARIABLE = YES;
				IPHONEOS_DEPLOYMENT_TARGET = 8.0;
				MTL_ENABLE_DEBUG_INFO = NO;
				SDKROOT = iphoneos;
				TARGETED_DEVICE_FAMILY = "1,2";
				VALIDATE_PRODUCT = YES;
			};
			name = Release;
		};
		27A8C2551B4AD62800E5A3D9 /* Debug */ = {
			isa = XCBuildConfiguration;
			buildSettings = {
				ASSETCATALOG_COMPILER_APPICON_NAME = AppIcon;
				ASSETCATALOG_COMPILER_LAUNCHIMAGE_NAME = LaunchImage;
				CODE_SIGN_ENTITLEMENTS = "Alphabetical List Utility/Alphabetical List Utility.entitlements";
				CODE_SIGN_IDENTITY = "iPhone Developer";
				"CODE_SIGN_IDENTITY[sdk=iphoneos*]" = "iPhone Developer";
				GCC_PRECOMPILE_PREFIX_HEADER = YES;
				GCC_PREFIX_HEADER = "Alphabetical List Utility/PrefixHeader.pch";
				INFOPLIST_FILE = "Alphabetical List Utility/Info.plist";
				IPHONEOS_DEPLOYMENT_TARGET = 8.0;
				LD_RUNPATH_SEARCH_PATHS = "$(inherited) @executable_path/Frameworks";
				PRODUCT_BUNDLE_IDENTIFIER = "com.hai.fennel.nathan.Alphabetical-List-Utility";
				PRODUCT_NAME = "$(TARGET_NAME)";
				PROVISIONING_PROFILE = "";
			};
			name = Debug;
		};
		27A8C2561B4AD62800E5A3D9 /* Release */ = {
			isa = XCBuildConfiguration;
			buildSettings = {
				ASSETCATALOG_COMPILER_APPICON_NAME = AppIcon;
				ASSETCATALOG_COMPILER_LAUNCHIMAGE_NAME = LaunchImage;
				CODE_SIGN_ENTITLEMENTS = "Alphabetical List Utility/Alphabetical List Utility.entitlements";
				CODE_SIGN_IDENTITY = "iPhone Developer";
				"CODE_SIGN_IDENTITY[sdk=iphoneos*]" = "iPhone Developer";
				GCC_PRECOMPILE_PREFIX_HEADER = YES;
				INFOPLIST_FILE = "Alphabetical List Utility/Info.plist";
				IPHONEOS_DEPLOYMENT_TARGET = 8.0;
				LD_RUNPATH_SEARCH_PATHS = "$(inherited) @executable_path/Frameworks";
				PRODUCT_BUNDLE_IDENTIFIER = "com.hai.fennel.nathan.Alphabetical-List-Utility";
				PRODUCT_NAME = "$(TARGET_NAME)";
				PROVISIONING_PROFILE = "";
			};
			name = Release;
		};
		27A8C2581B4AD62800E5A3D9 /* Debug */ = {
			isa = XCBuildConfiguration;
			buildSettings = {
				BUNDLE_LOADER = "$(TEST_HOST)";
				INFOPLIST_FILE = "Alphabetical List UtilityTests/Info.plist";
				IPHONEOS_DEPLOYMENT_TARGET = 8.0;
				LD_RUNPATH_SEARCH_PATHS = "$(inherited) @executable_path/Frameworks @loader_path/Frameworks";
				PRODUCT_BUNDLE_IDENTIFIER = "com.hai.fennel.nathan.Alphabetical-List-UtilityTests";
				PRODUCT_NAME = "$(TARGET_NAME)";
				TEST_HOST = "$(BUILT_PRODUCTS_DIR)/Alphabetical List Utility.app/Alphabetical List Utility";
			};
			name = Debug;
		};
		27A8C2591B4AD62800E5A3D9 /* Release */ = {
			isa = XCBuildConfiguration;
			buildSettings = {
				BUNDLE_LOADER = "$(TEST_HOST)";
				INFOPLIST_FILE = "Alphabetical List UtilityTests/Info.plist";
				IPHONEOS_DEPLOYMENT_TARGET = 8.0;
				LD_RUNPATH_SEARCH_PATHS = "$(inherited) @executable_path/Frameworks @loader_path/Frameworks";
				PRODUCT_BUNDLE_IDENTIFIER = "com.hai.fennel.nathan.Alphabetical-List-UtilityTests";
				PRODUCT_NAME = "$(TARGET_NAME)";
				TEST_HOST = "$(BUILT_PRODUCTS_DIR)/Alphabetical List Utility.app/Alphabetical List Utility";
			};
			name = Release;
		};
/* End XCBuildConfiguration section */

/* Begin XCConfigurationList section */
		27A8C21F1B4AD62800E5A3D9 /* Build configuration list for PBXProject "Alphabetical List Utility" */ = {
			isa = XCConfigurationList;
			buildConfigurations = (
				27A8C2521B4AD62800E5A3D9 /* Debug */,
				27A8C2531B4AD62800E5A3D9 /* Release */,
			);
			defaultConfigurationIsVisible = 0;
			defaultConfigurationName = Release;
		};
		27A8C2541B4AD62800E5A3D9 /* Build configuration list for PBXNativeTarget "Alphabetical List Utility" */ = {
			isa = XCConfigurationList;
			buildConfigurations = (
				27A8C2551B4AD62800E5A3D9 /* Debug */,
				27A8C2561B4AD62800E5A3D9 /* Release */,
			);
			defaultConfigurationIsVisible = 0;
			defaultConfigurationName = Release;
		};
		27A8C2571B4AD62800E5A3D9 /* Build configuration list for PBXNativeTarget "Alphabetical List UtilityTests" */ = {
			isa = XCConfigurationList;
			buildConfigurations = (
				27A8C2581B4AD62800E5A3D9 /* Debug */,
				27A8C2591B4AD62800E5A3D9 /* Release */,
			);
			defaultConfigurationIsVisible = 0;
			defaultConfigurationName = Release;
		};
/* End XCConfigurationList section */
	};
	rootObject = 27A8C21C1B4AD62800E5A3D9 /* Project object */;
}
