<?xml version="1.0" encoding="UTF-8"?>
<Scheme
   LastUpgradeVersion = "0700"
   version = "1.3">
   <BuildAction
      parallelizeBuildables = "YES"
      buildImplicitDependencies = "YES">
      <BuildActionEntries>
         <BuildActionEntry
            buildForTesting = "YES"
            buildForRunning = "YES"
            buildForProfiling = "YES"
            buildForArchiving = "YES"
            buildForAnalyzing = "YES">
            <BuildableReference
               BuildableIdentifier = "primary"
               BlueprintIdentifier = "27A8C2231B4AD62800E5A3D9"
               BuildableName = "Alphabetical List Utility.app"
               BlueprintName = "Alphabetical List Utility"
               ReferencedContainer = "container:Alphabetical List Utility.xcodeproj">
            </BuildableReference>
         </BuildActionEntry>
      </BuildActionEntries>
   </BuildAction>
   <TestAction
      selectedDebuggerIdentifier = "Xcode.DebuggerFoundation.Debugger.LLDB"
      selectedLauncherIdentifier = "Xcode.DebuggerFoundation.Launcher.LLDB"
      shouldUseLaunchSchemeArgsEnv = "YES"
      buildConfiguration = "Debug">
      <Testables>
         <TestableReference
            skipped = "NO">
            <BuildableReference
               BuildableIdentifier = "primary"
               BlueprintIdentifier = "27A8C23F1B4AD62800E5A3D9"
               BuildableName = "Alphabetical List UtilityTests.xctest"
               BlueprintName = "Alphabetical List UtilityTests"
               ReferencedContainer = "container:Alphabetical List Utility.xcodeproj">
            </BuildableReference>
         </TestableReference>
         <TestableReference
            skipped = "NO">
            <BuildableReference
               BuildableIdentifier = "primary"
               BlueprintIdentifier = "27A8C24A1B4AD62800E5A3D9"
               BuildableName = "Alphabetical List UtilityUITests.xctest"
               BlueprintName = "Alphabetical List UtilityUITests"
               ReferencedContainer = "container:Alphabetical List Utility.xcodeproj">
            </BuildableReference>
         </TestableReference>
      </Testables>
      <MacroExpansion>
         <BuildableReference
            BuildableIdentifier = "primary"
            BlueprintIdentifier = "27A8C2231B4AD62800E5A3D9"
            BuildableName = "Alphabetical List Utility.app"
            BlueprintName = "Alphabetical List Utility"
            ReferencedContainer = "container:Alphabetical List Utility.xcodeproj">
         </BuildableReference>
      </MacroExpansion>
      <AdditionalOptions>
      </AdditionalOptions>
   </TestAction>
   <LaunchAction
      selectedDebuggerIdentifier = "Xcode.DebuggerFoundation.Debugger.LLDB"
      selectedLauncherIdentifier = "Xcode.DebuggerFoundation.Launcher.LLDB"
      launchStyle = "0"
      useCustomWorkingDirectory = "NO"
      buildConfiguration = "Debug"
      ignoresPersistentStateOnLaunch = "NO"
      debugDocumentVersioning = "YES"
      debugServiceExtension = "internal"
      allowLocationSimulation = "YES">
      <BuildableProductRunnable
         runnableDebuggingMode = "0">
         <BuildableReference
            BuildableIdentifier = "primary"
            BlueprintIdentifier = "27A8C2231B4AD62800E5A3D9"
            BuildableName = "Alphabetical List Utility.app"
            BlueprintName = "Alphabetical List Utility"
            ReferencedContainer = "container:Alphabetical List Utility.xcodeproj">
         </BuildableReference>
      </BuildableProductRunnable>
      <AdditionalOptions>
      </AdditionalOptions>
   </LaunchAction>
   <ProfileAction
      shouldUseLaunchSchemeArgsEnv = "YES"
      savedToolIdentifier = ""
      useCustomWorkingDirectory = "NO"
      buildConfiguration = "Release"
      debugDocumentVersioning = "YES">
      <BuildableProductRunnable
         runnableDebuggingMode = "0">
         <BuildableReference
            BuildableIdentifier = "primary"
            BlueprintIdentifier = "27A8C2231B4AD62800E5A3D9"
            BuildableName = "Alphabetical List Utility.app"
            BlueprintName = "Alphabetical List Utility"
            ReferencedContainer = "container:Alphabetical List Utility.xcodeproj">
         </BuildableReference>
      </BuildableProductRunnable>
   </ProfileAction>
   <AnalyzeAction
      buildConfiguration = "Debug">
   </AnalyzeAction>
   <ArchiveAction
      buildConfiguration = "Release"
      revealArchiveInOrganizer = "YES">
   </ArchiveAction>
</Scheme>
